NeoBundleLock benchvimrc-vim 00c5e2299d3c7fcba2ae4218ad7a8ebdf45e7737
NeoBundleLock ctrlp.vim 28fce0fb860fe8df0915da1de1fb6e90d6ab2edc
NeoBundleLock desert.vim 714a139fdeefcd5fd3a22b0704f8871a018b8af3
NeoBundleLock lightline.vim ac5e6df5cac0f3ff3078c51f715978288a5c351d
NeoBundleLock molokai c67bdfcdb31415aa0ade7f8c003261700a885476
NeoBundleLock neobundle.vim 380d9d299300019c0a9970ae6b87faabedab0747
NeoBundleLock neocomplete.vim 46791e7692e07384a089d125c5c536246698d04c
NeoBundleLock neomru.vim 97540f54fa20b94daf306f0c1f3cce983bbf7a1d
NeoBundleLock neosnippet-snippets b068cc47707ecc7d023d75359687b21545bfc341
NeoBundleLock neosnippet.vim 9eac227835317d2fad9ae9b816590ce33a3ab7c4
NeoBundleLock nerdtree 15445be5fb2559829ac7a1f05af5d713586e8ec9
NeoBundleLock open-browser.vim d0cd58e7a59a758a8a930a22e7cc063e9cf563a4
NeoBundleLock previm 5acd1a1cb5b6022dc744c8f7ee300a68b321c71f
NeoBundleLock sudo.vim 060f0250d6f399d1cf9b15eaad3d55b3fbad4b0d
NeoBundleLock supertab 22aac5c2cb6a8ebe906bf1495eb727717390e62e
NeoBundleLock tcomment_vim d2df45fdf66f33ae7e267d45846aece6ea82ae66
NeoBundleLock unite.vim c5c69d5d94e61a67d61730d04c82763196f63b10
NeoBundleLock vim-coffee-script aace5c23d812a205c93e87ff79df72d9366928df
NeoBundleLock vim-colors-solarized 528a59f26d12278698bb946f8fb82a63711eec21
NeoBundleLock vim-colorschemes 189f5182bb70fd35d0f56fee451c3f22a2a80135
NeoBundleLock vim-easy-align 3b395bd5bafbdfb1f93190fa3f259b7ad2e40eb9
NeoBundleLock vim-fugitive 3439f999b138254e4bb56187fc91f91f545b4b12
NeoBundleLock vim-hybrid cc58baabeabc7b83768e25b852bf89c34756bf90
NeoBundleLock vim-hybrid-material e878e18914facb584943387fd1fe45b18de49a74
NeoBundleLock vim-indent-guides 018298ead9d3aa9cd3b4ae222f81022a33978b09
NeoBundleLock vim-markdown 3fcde7215e22913f004c2836fd46ff61746be6db
NeoBundleLock vim-monokai ece3e6f0dd6970412e09b01f8e2d7de1129970c4
NeoBundleLock vim-verb 47fece0de04dc49fddc1668fc963553eb3d74b5b
NeoBundleLock vim-virtualenv c68ac2107f11ffcec2b9e9e89813bed93094d0cb
NeoBundleLock vimshell 3787e52766812d8b99a93ccdda57517bc2a0bab6
